// !$*UTF8*$!
{
	archiveVersion = 1;
	classes = {
	};
	objectVersion = 56;
	objects = {

/* Begin PBXBuildFile section */
		5EC333492F5AF90E00F1D39F /* DGCharts in Frameworks */ = {isa = PBXBuildFile; productRef = 5EC333482F5AF90E00F1D39F /* DGCharts */; };
		BEE4CA7F2FB9D9A900D695CF /* FirebaseFirestoreSwift in Frameworks */ = {isa = PBXBuildFile; productRef = BEE4CA7E2FB9D9A900D695CF /* FirebaseFirestoreSwift */; };
		C65D87402FBA6A24006AA174 /* KopiCupUITests.swift in Sources */ = {isa = PBXBuildFile; fileRef = C65D870F2FBA6A24006AA174 /* KopiCupUITests.swift */; };
		C65D87422FBA6A24006AA174 /* KopiCupUITestsLaunchTests.swift in Sources */ = {isa = PBXBuildFile; fileRef = C65D87102FBA6A24006AA174 /* KopiCupUITestsLaunchTests.swift */; };
		C65D87972FBA6A24006AA174 /* KopiCupTests.swift in Sources */ = {isa = PBXBuildFile; fileRef = C65D870D2FBA6A24006AA174 /* KopiCupTests.swift */; };
		C65D87EA2FBA6A24006AA174 /* AddMoneyView.swift in Sources */ = {isa = PBXBuildFile; fileRef = C65D86C32FBA6A24006AA174 /* AddMoneyView.swift */; };
		C65D87EB2FBA6A24006AA174 /* UIComponents.swift in Sources */ = {isa = PBXBuildFile; fileRef = C65D86882FBA6A24006AA174 /* UIComponents.swift */; };
		C65D87EC2FBA6A24006AA174 /* LocalUserStore.swift in Sources */ = {isa = PBXBuildFile; fileRef = C65D86DD2FBA6A24006AA174 /* LocalUserStore.swift */; };
		C65D87EE2FBA6A24006AA174 /* AppActivityStore.swift in Sources */ = {isa = PBXBuildFile; fileRef = C65D86D32FBA6A24006AA174 /* AppActivityStore.swift */; };
		C65D87EF2FBA6A24006AA174 /* ChallengeDetailsView.swift in Sources */ = {isa = PBXBuildFile; fileRef = C65D86A82FBA6A24006AA174 /* ChallengeDetailsView.swift */; };
		C65D87F02FBA6A24006AA174 /* ChallengeCardView.swift in Sources */ = {isa = PBXBuildFile; fileRef = C65D86A72FBA6A24006AA174 /* ChallengeCardView.swift */; };
		C65D87F12FBA6A24006AA174 /* DifficultyBoltsView.swift in Sources */ = {isa = PBXBuildFile; fileRef = C65D86AA2FBA6A24006AA174 /* DifficultyBoltsView.swift */; };
		C65D87F42FBA6A24006AA174 /* SettingsView.swift in Sources */ = {isa = PBXBuildFile; fileRef = C65D87042FBA6A24006AA174 /* SettingsView.swift */; };
		C65D87F52FBA6A24006AA174 /* LoadState.swift in Sources */ = {isa = PBXBuildFile; fileRef = C65D868F2FBA6A24006AA174 /* LoadState.swift */; };
		C65D87F62FBA6A24006AA174 /* MainTabView.swift in Sources */ = {isa = PBXBuildFile; fileRef = C65D86C12FBA6A24006AA174 /* MainTabView.swift */; };
		C65D87F72FBA6A24006AA174 /* HeaderView.swift in Sources */ = {isa = PBXBuildFile; fileRef = C65D86B82FBA6A24006AA174 /* HeaderView.swift */; };
		C65D87F82FBA6A24006AA174 /* RegFormModel.swift in Sources */ = {isa = PBXBuildFile; fileRef = C65D87012FBA6A24006AA174 /* RegFormModel.swift */; };
		C65D87F92FBA6A24006AA174 /* UserChallenge.swift in Sources */ = {isa = PBXBuildFile; fileRef = C65D86992FBA6A24006AA174 /* UserChallenge.swift */; };
		C65D87FB2FBA6A24006AA174 /* HexColorHelper.swift in Sources */ = {isa = PBXBuildFile; fileRef = C65D868B2FBA6A24006AA174 /* HexColorHelper.swift */; };
		C65D87FC2FBA6A24006AA174 /* SessionManager.swift in Sources */ = {isa = PBXBuildFile; fileRef = C65D86E12FBA6A24006AA174 /* SessionManager.swift */; };
		C65D87FD2FBA6A24006AA174 /* LocalChallengeStore.swift in Sources */ = {isa = PBXBuildFile; fileRef = C65D86D62FBA6A24006AA174 /* LocalChallengeStore.swift */; };
		C65D87FE2FBA6A24006AA174 /* HomeView.swift in Sources */ = {isa = PBXBuildFile; fileRef = C65D86B92FBA6A24006AA174 /* HomeView.swift */; };
		C65D88012FBA6A24006AA174 /* RegView.swift in Sources */ = {isa = PBXBuildFile; fileRef = C65D87022FBA6A24006AA174 /* RegView.swift */; };
		C65D88032FBA6A24006AA174 /* FirestorePaths.swift in Sources */ = {isa = PBXBuildFile; fileRef = C65D86CF2FBA6A24006AA174 /* FirestorePaths.swift */; };
		C65D88042FBA6A24006AA174 /* ActionButtonStyle.swift in Sources */ = {isa = PBXBuildFile; fileRef = C65D86852FBA6A24006AA174 /* ActionButtonStyle.swift */; };
		C65D88052FBA6A24006AA174 /* UserStorage.swift in Sources */ = {isa = PBXBuildFile; fileRef = C65D86E32FBA6A24006AA174 /* UserStorage.swift */; };
		C65D88062FBA6A24006AA174 /* StorageUploader.swift in Sources */ = {isa = PBXBuildFile; fileRef = C65D86B52FBA6A24006AA174 /* StorageUploader.swift */; };
		C65D88072FBA6A24006AA174 /* SeriesViewModel.swift in Sources */ = {isa = PBXBuildFile; fileRef = C65D86C62FBA6A24006AA174 /* SeriesViewModel.swift */; };
		C65D88082FBA6A24006AA174 /* CardAppearance.swift in Sources */ = {isa = PBXBuildFile; fileRef = C65D86862FBA6A24006AA174 /* CardAppearance.swift */; };
		C65D88092FBA6A24006AA174 /* MockGoalService.swift in Sources */ = {isa = PBXBuildFile; fileRef = C65D869D2FBA6A24006AA174 /* MockGoalService.swift */; };
		C65D880D2FBA6A24006AA174 /* StatsCharts.swift in Sources */ = {isa = PBXBuildFile; fileRef = C65D86C82FBA6A24006AA174 /* StatsCharts.swift */; };
		C65D880E2FBA6A24006AA174 /* DailyAmountStore.swift in Sources */ = {isa = PBXBuildFile; fileRef = C65D86D92FBA6A24006AA174 /* DailyAmountStore.swift */; };
		C65D88112FBA6A24006AA174 /* PiggyModalView.swift in Sources */ = {isa = PBXBuildFile; fileRef = C65D86BD2FBA6A24006AA174 /* PiggyModalView.swift */; };
		C65D88142FBA6A24006AA174 /* StreakStartStore.swift in Sources */ = {isa = PBXBuildFile; fileRef = C65D86DA2FBA6A24006AA174 /* StreakStartStore.swift */; };
		C65D88152FBA6A24006AA174 /* SeriesCardView.swift in Sources */ = {isa = PBXBuildFile; fileRef = C65D86C42FBA6A24006AA174 /* SeriesCardView.swift */; };
		C65D88162FBA6A24006AA174 /* SceneDelegate.swift in Sources */ = {isa = PBXBuildFile; fileRef = C65D870B2FBA6A24006AA174 /* SceneDelegate.swift */; };
		C65D88172FBA6A24006AA174 /* Challenge.swift in Sources */ = {isa = PBXBuildFile; fileRef = C65D86932FBA6A24006AA174 /* Challenge.swift */; };
		C65D88182FBA6A24006AA174 /* ProfileView.swift in Sources */ = {isa = PBXBuildFile; fileRef = C65D87002FBA6A24006AA174 /* ProfileView.swift */; };
		C65D88192FBA6A24006AA174 /* Optional+Bool.swift in Sources */ = {isa = PBXBuildFile; fileRef = C65D868D2FBA6A24006AA174 /* Optional+Bool.swift */; };
		C65D881A2FBA6A24006AA174 /* Series.swift in Sources */ = {isa = PBXBuildFile; fileRef = C65D86972FBA6A24006AA174 /* Series.swift */; };
		C65D881B2FBA6A24006AA174 /* FirebaseGoalService.swift in Sources */ = {isa = PBXBuildFile; fileRef = C65D86CD2FBA6A24006AA174 /* FirebaseGoalService.swift */; };
		C65D881C2FBA6A24006AA174 /* StatsView.swift in Sources */ = {isa = PBXBuildFile; fileRef = C65D87052FBA6A24006AA174 /* StatsView.swift */; };
		C65D881D2FBA6A24006AA174 /* CardModifier.swift in Sources */ = {isa = PBXBuildFile; fileRef = C65D86872FBA6A24006AA174 /* CardModifier.swift */; };
		C65D881E2FBA6A24006AA174 /* PiggyProfileService.swift in Sources */ = {isa = PBXBuildFile; fileRef = C65D86A22FBA6A24006AA174 /* PiggyProfileService.swift */; };
		C65D881F2FBA6A24006AA174 /* L10n.swift in Sources */ = {isa = PBXBuildFile; fileRef = C65D86832FBA6A24006AA174 /* L10n.swift */; };
		C65D88202FBA6A24006AA174 /* AppRootView.swift in Sources */ = {isa = PBXBuildFile; fileRef = C65D86812FBA6A24006AA174 /* AppRootView.swift */; };
		C65D88212FBA6A24006AA174 /* StatsService.swift in Sources */ = {isa = PBXBuildFile; fileRef = C65D86C92FBA6A24006AA174 /* StatsService.swift */; };
		C65D88222FBA6A24006AA174 /* RewardService.swift in Sources */ = {isa = PBXBuildFile; fileRef = C65D86A32FBA6A24006AA174 /* RewardService.swift */; };
		C65D88232FBA6A24006AA174 /* RewardBannerCenter.swift in Sources */ = {isa = PBXBuildFile; fileRef = C65D86BE2FBA6A24006AA174 /* RewardBannerCenter.swift */; };
		C65D88252FBA6A24006AA174 /* GoalCardView.swift in Sources */ = {isa = PBXBuildFile; fileRef = C65D86B02FBA6A24006AA174 /* GoalCardView.swift */; };
		C65D88262FBA6A24006AA174 /* SeriesProgressView.swift in Sources */ = {isa = PBXBuildFile; fileRef = C65D86C52FBA6A24006AA174 /* SeriesProgressView.swift */; };
		C65D88272FBA6A24006AA174 /* EmtyGoalCardView.swift in Sources */ = {isa = PBXBuildFile; fileRef = C65D86AF2FBA6A24006AA174 /* EmtyGoalCardView.swift */; };
		C65D88282FBA6A24006AA174 /* AchievementsViewModel.swift in Sources */ = {isa = PBXBuildFile; fileRef = C65D86922FBA6A24006AA174 /* AchievementsViewModel.swift */; };
		C65D882A2FBA6A24006AA174 /* DateFormatter.swift in Sources */ = {isa = PBXBuildFile; fileRef = C65D868A2FBA6A24006AA174 /* DateFormatter.swift */; };
		C65D882B2FBA6A24006AA174 /* GoalTransaction.swift in Sources */ = {isa = PBXBuildFile; fileRef = C65D86952FBA6A24006AA174 /* GoalTransaction.swift */; };
		C65D882C2FBA6A24006AA174 /* GoalFormView.swift in Sources */ = {isa = PBXBuildFile; fileRef = C65D86B22FBA6A24006AA174 /* GoalFormView.swift */; };
		C65D882D2FBA6A24006AA174 /* AuthFormModel.swift in Sources */ = {isa = PBXBuildFile; fileRef = C65D86FE2FBA6A24006AA174 /* AuthFormModel.swift */; };
		C65D882E2FBA6A24006AA174 /* ChallengeService.swift in Sources */ = {isa = PBXBuildFile; fileRef = C65D86A02FBA6A24006AA174 /* ChallengeService.swift */; };
		C65D882F2FBA6A24006AA174 /* MockChallengeService.swift in Sources */ = {isa = PBXBuildFile; fileRef = C65D869C2FBA6A24006AA174 /* MockChallengeService.swift */; };
		C65D88302FBA6A24006AA174 /* User.swift in Sources */ = {isa = PBXBuildFile; fileRef = C65D86982FBA6A24006AA174 /* User.swift */; };
		C65D88312FBA6A24006AA174 /* MockUserService.swift in Sources */ = {isa = PBXBuildFile; fileRef = C65D869E2FBA6A24006AA174 /* MockUserService.swift */; };
		C65D88322FBA6A24006AA174 /* EditGoalView.swift in Sources */ = {isa = PBXBuildFile; fileRef = C65D86AE2FBA6A24006AA174 /* EditGoalView.swift */; };
		C65D88332FBA6A24006AA174 /* Goal.swift in Sources */ = {isa = PBXBuildFile; fileRef = C65D86942FBA6A24006AA174 /* Goal.swift */; };
		C65D88342FBA6A24006AA174 /* GoalDetailsView.swift in Sources */ = {isa = PBXBuildFile; fileRef = C65D86B12FBA6A24006AA174 /* GoalDetailsView.swift */; };
		C65D88352FBA6A24006AA174 /* LocalChallengeService.swift in Sources */ = {isa = PBXBuildFile; fileRef = C65D86D52FBA6A24006AA174 /* LocalChallengeService.swift */; };
		C65D88362FBA6A24006AA174 /* PiggyProfileDTO.swift in Sources */ = {isa = PBXBuildFile; fileRef = C65D86962FBA6A24006AA174 /* PiggyProfileDTO.swift */; };
		C65D88372FBA6A24006AA174 /* AuthView.swift in Sources */ = {isa = PBXBuildFile; fileRef = C65D86FF2FBA6A24006AA174 /* AuthView.swift */; };
		C65D88382FBA6A24006AA174 /* UserChallengeState.swift in Sources */ = {isa = PBXBuildFile; fileRef = C65D869A2FBA6A24006AA174 /* UserChallengeState.swift */; };
		C65D88392FBA6A24006AA174 /* FirebaseChallengeService.swift in Sources */ = {isa = PBXBuildFile; fileRef = C65D86CC2FBA6A24006AA174 /* FirebaseChallengeService.swift */; };
		C65D883A2FBA6A24006AA174 /* KopiCupApp.swift in Sources */ = {isa = PBXBuildFile; fileRef = C65D86822FBA6A24006AA174 /* KopiCupApp.swift */; };
		C65D883B2FBA6A24006AA174 /* ChallengeViewModel.swift in Sources */ = {isa = PBXBuildFile; fileRef = C65D86A92FBA6A24006AA174 /* ChallengeViewModel.swift */; };
		C65D883C2FBA6A24006AA174 /* ResetPasswordView.swift in Sources */ = {isa = PBXBuildFile; fileRef = C65D87032FBA6A24006AA174 /* ResetPasswordView.swift */; };
		C65D883D2FBA6A24006AA174 /* AboutGoalView.swift in Sources */ = {isa = PBXBuildFile; fileRef = C65D86AD2FBA6A24006AA174 /* AboutGoalView.swift */; };
		C65D883E2FBA6A24006AA174 /* UserChallengeViewModel.swift in Sources */ = {isa = PBXBuildFile; fileRef = C65D86AB2FBA6A24006AA174 /* UserChallengeViewModel.swift */; };
		C65D883F2FBA6A24006AA174 /* GoalsRepository.swift in Sources */ = {isa = PBXBuildFile; fileRef = C65D86D02FBA6A24006AA174 /* GoalsRepository.swift */; };
		C65D88412FBA6A24006AA174 /* DailyAmountService.swift in Sources */ = {isa = PBXBuildFile; fileRef = C65D86D82FBA6A24006AA174 /* DailyAmountService.swift */; };
		C65D88422FBA6A24006AA174 /* GoalService.swift in Sources */ = {isa = PBXBuildFile; fileRef = C65D86A12FBA6A24006AA174 /* GoalService.swift */; };
		C65D88432FBA6A24006AA174 /* FirebaseUserService.swift in Sources */ = {isa = PBXBuildFile; fileRef = C65D86CE2FBA6A24006AA174 /* FirebaseUserService.swift */; };
		C65D88442FBA6A24006AA174 /* RewardToastView.swift in Sources */ = {isa = PBXBuildFile; fileRef = C65D86BF2FBA6A24006AA174 /* RewardToastView.swift */; };
		C65D88452FBA6A24006AA174 /* GoalViewModel.swift in Sources */ = {isa = PBXBuildFile; fileRef = C65D86B32FBA6A24006AA174 /* GoalViewModel.swift */; };
		C65D88462FBA6A24006AA174 /* AuthManager.swift in Sources */ = {isa = PBXBuildFile; fileRef = C65D86E02FBA6A24006AA174 /* AuthManager.swift */; };
		C65D88472FBA6A24006AA174 /* EconomyStore.swift in Sources */ = {isa = PBXBuildFile; fileRef = C65D86B72FBA6A24006AA174 /* EconomyStore.swift */; };
		C65D88482FBA6A24006AA174 /* LocalUserService.swift in Sources */ = {isa = PBXBuildFile; fileRef = C65D86DC2FBA6A24006AA174 /* LocalUserService.swift */; };
		C65D88492FBA6A24006AA174 /* HomeViewModel.swift in Sources */ = {isa = PBXBuildFile; fileRef = C65D86BA2FBA6A24006AA174 /* HomeViewModel.swift */; };
		C65D884A2FBA6A24006AA174 /* Number+CurrencyFormatter.swift in Sources */ = {isa = PBXBuildFile; fileRef = C65D868C2FBA6A24006AA174 /* Number+CurrencyFormatter.swift */; };
		C65D884B2FBA6A24006AA174 /* AppActivityService.swift in Sources */ = {isa = PBXBuildFile; fileRef = C65D86D22FBA6A24006AA174 /* AppActivityService.swift */; };
		C65D884C2FBA6A24006AA174 /* ImagePickerView.swift in Sources */ = {isa = PBXBuildFile; fileRef = C65D86B42FBA6A24006AA174 /* ImagePickerView.swift */; };
		C65D884D2FBA6A24006AA174 /* UserService.swift in Sources */ = {isa = PBXBuildFile; fileRef = C65D86A42FBA6A24006AA174 /* UserService.swift */; };
		C65D884E2FBA6A24006AA174 /* LocalEconomyStore.swift in Sources */ = {isa = PBXBuildFile; fileRef = C65D86BC2FBA6A24006AA174 /* LocalEconomyStore.swift */; };
		C65D884F2FBA6A24006AA174 /* Preview Assets.xcassets in Resources */ = {isa = PBXBuildFile; fileRef = C65D86FC2FBA6A24006AA174 /* Preview Assets.xcassets */; };
		C65D88522FBA6A24006AA174 /* Assets.xcassets in Resources */ = {isa = PBXBuildFile; fileRef = C65D87072FBA6A24006AA174 /* Assets.xcassets */; };
		C65D88542FBA6A24006AA174 /* GoogleService-Info.plist in Resources */ = {isa = PBXBuildFile; fileRef = C65D87082FBA6A24006AA174 /* GoogleService-Info.plist */; };
		C6A22CFD2EF1BAF100A2865B /* FirebaseAnalytics in Frameworks */ = {isa = PBXBuildFile; productRef = C6A22CFC2EF1BAF100A2865B /* FirebaseAnalytics */; };
		C6A22CFF2EF1BAF100A2865B /* FirebaseAuth in Frameworks */ = {isa = PBXBuildFile; productRef = C6A22CFE2EF1BAF100A2865B /* FirebaseAuth */; };
		C6A22D012EF1BAF100A2865B /* FirebaseDatabase in Frameworks */ = {isa = PBXBuildFile; productRef = C6A22D002EF1BAF100A2865B /* FirebaseDatabase */; };
		C6A22D032EF1BAF100A2865B /* FirebaseFirestore in Frameworks */ = {isa = PBXBuildFile; productRef = C6A22D022EF1BAF100A2865B /* FirebaseFirestore */; };
/* End PBXBuildFile section */

/* Begin PBXContainerItemProxy section */
		C68060A52ECE6C0700154DC5 /* PBXContainerItemProxy */ = {
			isa = PBXContainerItemProxy;
			containerPortal = C680608C2ECE6C0500154DC5 /* Project object */;
			proxyType = 1;
			remoteGlobalIDString = C68060932ECE6C0500154DC5;
			remoteInfo = KopiCup;
		};
		C68060AF2ECE6C0700154DC5 /* PBXContainerItemProxy */ = {
			isa = PBXContainerItemProxy;
			containerPortal = C680608C2ECE6C0500154DC5 /* Project object */;
			proxyType = 1;
			remoteGlobalIDString = C68060932ECE6C0500154DC5;
			remoteInfo = KopiCup;
		};
/* End PBXContainerItemProxy section */

/* Begin PBXFileReference section */
		C65D86812FBA6A24006AA174 /* AppRootView.swift */ = {isa = PBXFileReference; lastKnownFileType = sourcecode.swift; path = AppRootView.swift; sourceTree = "<group>"; };
		C65D86822FBA6A24006AA174 /* KopiCupApp.swift */ = {isa = PBXFileReference; lastKnownFileType = sourcecode.swift; path = KopiCupApp.swift; sourceTree = "<group>"; };
		C65D86832FBA6A24006AA174 /* L10n.swift */ = {isa = PBXFileReference; lastKnownFileType = sourcecode.swift; path = L10n.swift; sourceTree = "<group>"; };
		C65D86852FBA6A24006AA174 /* ActionButtonStyle.swift */ = {isa = PBXFileReference; lastKnownFileType = sourcecode.swift; path = ActionButtonStyle.swift; sourceTree = "<group>"; };
		C65D86862FBA6A24006AA174 /* CardAppearance.swift */ = {isa = PBXFileReference; lastKnownFileType = sourcecode.swift; path = CardAppearance.swift; sourceTree = "<group>"; };
		C65D86872FBA6A24006AA174 /* CardModifier.swift */ = {isa = PBXFileReference; lastKnownFileType = sourcecode.swift; path = CardModifier.swift; sourceTree = "<group>"; };
		C65D86882FBA6A24006AA174 /* UIComponents.swift */ = {isa = PBXFileReference; lastKnownFileType = sourcecode.swift; path = UIComponents.swift; sourceTree = "<group>"; };
		C65D868A2FBA6A24006AA174 /* DateFormatter.swift */ = {isa = PBXFileReference; lastKnownFileType = sourcecode.swift; path = DateFormatter.swift; sourceTree = "<group>"; };
		C65D868B2FBA6A24006AA174 /* HexColorHelper.swift */ = {isa = PBXFileReference; lastKnownFileType = sourcecode.swift; path = HexColorHelper.swift; sourceTree = "<group>"; };
		C65D868C2FBA6A24006AA174 /* Number+CurrencyFormatter.swift */ = {isa = PBXFileReference; lastKnownFileType = sourcecode.swift; path = "Number+CurrencyFormatter.swift"; sourceTree = "<group>"; };
		C65D868D2FBA6A24006AA174 /* Optional+Bool.swift */ = {isa = PBXFileReference; lastKnownFileType = sourcecode.swift; path = "Optional+Bool.swift"; sourceTree = "<group>"; };
		C65D868F2FBA6A24006AA174 /* LoadState.swift */ = {isa = PBXFileReference; lastKnownFileType = sourcecode.swift; path = LoadState.swift; sourceTree = "<group>"; };
		C65D86922FBA6A24006AA174 /* AchievementsViewModel.swift */ = {isa = PBXFileReference; lastKnownFileType = sourcecode.swift; path = AchievementsViewModel.swift; sourceTree = "<group>"; };
		C65D86932FBA6A24006AA174 /* Challenge.swift */ = {isa = PBXFileReference; lastKnownFileType = sourcecode.swift; path = Challenge.swift; sourceTree = "<group>"; };
		C65D86942FBA6A24006AA174 /* Goal.swift */ = {isa = PBXFileReference; lastKnownFileType = sourcecode.swift; path = Goal.swift; sourceTree = "<group>"; };
		C65D86952FBA6A24006AA174 /* GoalTransaction.swift */ = {isa = PBXFileReference; lastKnownFileType = sourcecode.swift; path = GoalTransaction.swift; sourceTree = "<group>"; };
		C65D86962FBA6A24006AA174 /* PiggyProfileDTO.swift */ = {isa = PBXFileReference; lastKnownFileType = sourcecode.swift; path = PiggyProfileDTO.swift; sourceTree = "<group>"; };
		C65D86972FBA6A24006AA174 /* Series.swift */ = {isa = PBXFileReference; lastKnownFileType = sourcecode.swift; path = Series.swift; sourceTree = "<group>"; };
		C65D86982FBA6A24006AA174 /* User.swift */ = {isa = PBXFileReference; lastKnownFileType = sourcecode.swift; path = User.swift; sourceTree = "<group>"; };
		C65D86992FBA6A24006AA174 /* UserChallenge.swift */ = {isa = PBXFileReference; lastKnownFileType = sourcecode.swift; path = UserChallenge.swift; sourceTree = "<group>"; };
		C65D869A2FBA6A24006AA174 /* UserChallengeState.swift */ = {isa = PBXFileReference; lastKnownFileType = sourcecode.swift; path = UserChallengeState.swift; sourceTree = "<group>"; };
		C65D869C2FBA6A24006AA174 /* MockChallengeService.swift */ = {isa = PBXFileReference; lastKnownFileType = sourcecode.swift; path = MockChallengeService.swift; sourceTree = "<group>"; };
		C65D869D2FBA6A24006AA174 /* MockGoalService.swift */ = {isa = PBXFileReference; lastKnownFileType = sourcecode.swift; path = MockGoalService.swift; sourceTree = "<group>"; };
		C65D869E2FBA6A24006AA174 /* MockUserService.swift */ = {isa = PBXFileReference; lastKnownFileType = sourcecode.swift; path = MockUserService.swift; sourceTree = "<group>"; };
		C65D86A02FBA6A24006AA174 /* ChallengeService.swift */ = {isa = PBXFileReference; lastKnownFileType = sourcecode.swift; path = ChallengeService.swift; sourceTree = "<group>"; };
		C65D86A12FBA6A24006AA174 /* GoalService.swift */ = {isa = PBXFileReference; lastKnownFileType = sourcecode.swift; path = GoalService.swift; sourceTree = "<group>"; };
		C65D86A22FBA6A24006AA174 /* PiggyProfileService.swift */ = {isa = PBXFileReference; lastKnownFileType = sourcecode.swift; path = PiggyProfileService.swift; sourceTree = "<group>"; };
		C65D86A32FBA6A24006AA174 /* RewardService.swift */ = {isa = PBXFileReference; lastKnownFileType = sourcecode.swift; path = RewardService.swift; sourceTree = "<group>"; };
		C65D86A42FBA6A24006AA174 /* UserService.swift */ = {isa = PBXFileReference; lastKnownFileType = sourcecode.swift; path = UserService.swift; sourceTree = "<group>"; };
		C65D86A72FBA6A24006AA174 /* ChallengeCardView.swift */ = {isa = PBXFileReference; lastKnownFileType = sourcecode.swift; path = ChallengeCardView.swift; sourceTree = "<group>"; };
		C65D86A82FBA6A24006AA174 /* ChallengeDetailsView.swift */ = {isa = PBXFileReference; lastKnownFileType = sourcecode.swift; path = ChallengeDetailsView.swift; sourceTree = "<group>"; };
		C65D86A92FBA6A24006AA174 /* ChallengeViewModel.swift */ = {isa = PBXFileReference; lastKnownFileType = sourcecode.swift; path = ChallengeViewModel.swift; sourceTree = "<group>"; };
		C65D86AA2FBA6A24006AA174 /* DifficultyBoltsView.swift */ = {isa = PBXFileReference; lastKnownFileType = sourcecode.swift; path = DifficultyBoltsView.swift; sourceTree = "<group>"; };
		C65D86AB2FBA6A24006AA174 /* UserChallengeViewModel.swift */ = {isa = PBXFileReference; lastKnownFileType = sourcecode.swift; path = UserChallengeViewModel.swift; sourceTree = "<group>"; };
		C65D86AD2FBA6A24006AA174 /* AboutGoalView.swift */ = {isa = PBXFileReference; lastKnownFileType = sourcecode.swift; path = AboutGoalView.swift; sourceTree = "<group>"; };
		C65D86AE2FBA6A24006AA174 /* EditGoalView.swift */ = {isa = PBXFileReference; lastKnownFileType = sourcecode.swift; path = EditGoalView.swift; sourceTree = "<group>"; };
		C65D86AF2FBA6A24006AA174 /* EmtyGoalCardView.swift */ = {isa = PBXFileReference; lastKnownFileType = sourcecode.swift; path = EmtyGoalCardView.swift; sourceTree = "<group>"; };
		C65D86B02FBA6A24006AA174 /* GoalCardView.swift */ = {isa = PBXFileReference; lastKnownFileType = sourcecode.swift; path = GoalCardView.swift; sourceTree = "<group>"; };
		C65D86B12FBA6A24006AA174 /* GoalDetailsView.swift */ = {isa = PBXFileReference; lastKnownFileType = sourcecode.swift; path = GoalDetailsView.swift; sourceTree = "<group>"; };
		C65D86B22FBA6A24006AA174 /* GoalFormView.swift */ = {isa = PBXFileReference; lastKnownFileType = sourcecode.swift; path = GoalFormView.swift; sourceTree = "<group>"; };
		C65D86B32FBA6A24006AA174 /* GoalViewModel.swift */ = {isa = PBXFileReference; lastKnownFileType = sourcecode.swift; path = GoalViewModel.swift; sourceTree = "<group>"; };
		C65D86B42FBA6A24006AA174 /* ImagePickerView.swift */ = {isa = PBXFileReference; lastKnownFileType = sourcecode.swift; path = ImagePickerView.swift; sourceTree = "<group>"; };
		C65D86B52FBA6A24006AA174 /* StorageUploader.swift */ = {isa = PBXFileReference; lastKnownFileType = sourcecode.swift; path = StorageUploader.swift; sourceTree = "<group>"; };
		C65D86B72FBA6A24006AA174 /* EconomyStore.swift */ = {isa = PBXFileReference; lastKnownFileType = sourcecode.swift; path = EconomyStore.swift; sourceTree = "<group>"; };
		C65D86B82FBA6A24006AA174 /* HeaderView.swift */ = {isa = PBXFileReference; lastKnownFileType = sourcecode.swift; path = HeaderView.swift; sourceTree = "<group>"; };
		C65D86B92FBA6A24006AA174 /* HomeView.swift */ = {isa = PBXFileReference; lastKnownFileType = sourcecode.swift; path = HomeView.swift; sourceTree = "<group>"; };
		C65D86BA2FBA6A24006AA174 /* HomeViewModel.swift */ = {isa = PBXFileReference; lastKnownFileType = sourcecode.swift; path = HomeViewModel.swift; sourceTree = "<group>"; };
		C65D86BC2FBA6A24006AA174 /* LocalEconomyStore.swift */ = {isa = PBXFileReference; lastKnownFileType = sourcecode.swift; path = LocalEconomyStore.swift; sourceTree = "<group>"; };
		C65D86BD2FBA6A24006AA174 /* PiggyModalView.swift */ = {isa = PBXFileReference; lastKnownFileType = sourcecode.swift; path = PiggyModalView.swift; sourceTree = "<group>"; };
		C65D86BE2FBA6A24006AA174 /* RewardBannerCenter.swift */ = {isa = PBXFileReference; lastKnownFileType = sourcecode.swift; path = RewardBannerCenter.swift; sourceTree = "<group>"; };
		C65D86BF2FBA6A24006AA174 /* RewardToastView.swift */ = {isa = PBXFileReference; lastKnownFileType = sourcecode.swift; path = RewardToastView.swift; sourceTree = "<group>"; };
		C65D86C12FBA6A24006AA174 /* MainTabView.swift */ = {isa = PBXFileReference; lastKnownFileType = sourcecode.swift; path = MainTabView.swift; sourceTree = "<group>"; };
		C65D86C32FBA6A24006AA174 /* AddMoneyView.swift */ = {isa = PBXFileReference; lastKnownFileType = sourcecode.swift; path = AddMoneyView.swift; sourceTree = "<group>"; };
		C65D86C42FBA6A24006AA174 /* SeriesCardView.swift */ = {isa = PBXFileReference; lastKnownFileType = sourcecode.swift; path = SeriesCardView.swift; sourceTree = "<group>"; };
		C65D86C52FBA6A24006AA174 /* SeriesProgressView.swift */ = {isa = PBXFileReference; lastKnownFileType = sourcecode.swift; path = SeriesProgressView.swift; sourceTree = "<group>"; };
		C65D86C62FBA6A24006AA174 /* SeriesViewModel.swift */ = {isa = PBXFileReference; lastKnownFileType = sourcecode.swift; path = SeriesViewModel.swift; sourceTree = "<group>"; };
		C65D86C82FBA6A24006AA174 /* StatsCharts.swift */ = {isa = PBXFileReference; lastKnownFileType = sourcecode.swift; path = StatsCharts.swift; sourceTree = "<group>"; };
		C65D86C92FBA6A24006AA174 /* StatsService.swift */ = {isa = PBXFileReference; lastKnownFileType = sourcecode.swift; path = StatsService.swift; sourceTree = "<group>"; };
		C65D86CC2FBA6A24006AA174 /* FirebaseChallengeService.swift */ = {isa = PBXFileReference; lastKnownFileType = sourcecode.swift; path = FirebaseChallengeService.swift; sourceTree = "<group>"; };
		C65D86CD2FBA6A24006AA174 /* FirebaseGoalService.swift */ = {isa = PBXFileReference; lastKnownFileType = sourcecode.swift; path = FirebaseGoalService.swift; sourceTree = "<group>"; };
		C65D86CE2FBA6A24006AA174 /* FirebaseUserService.swift */ = {isa = PBXFileReference; lastKnownFileType = sourcecode.swift; path = FirebaseUserService.swift; sourceTree = "<group>"; };
		C65D86CF2FBA6A24006AA174 /* FirestorePaths.swift */ = {isa = PBXFileReference; lastKnownFileType = sourcecode.swift; path = FirestorePaths.swift; sourceTree = "<group>"; };
		C65D86D02FBA6A24006AA174 /* GoalsRepository.swift */ = {isa = PBXFileReference; lastKnownFileType = sourcecode.swift; path = GoalsRepository.swift; sourceTree = "<group>"; };
		C65D86D22FBA6A24006AA174 /* AppActivityService.swift */ = {isa = PBXFileReference; lastKnownFileType = sourcecode.swift; path = AppActivityService.swift; sourceTree = "<group>"; };
		C65D86D32FBA6A24006AA174 /* AppActivityStore.swift */ = {isa = PBXFileReference; lastKnownFileType = sourcecode.swift; path = AppActivityStore.swift; sourceTree = "<group>"; };
		C65D86D52FBA6A24006AA174 /* LocalChallengeService.swift */ = {isa = PBXFileReference; lastKnownFileType = sourcecode.swift; path = LocalChallengeService.swift; sourceTree = "<group>"; };
		C65D86D62FBA6A24006AA174 /* LocalChallengeStore.swift */ = {isa = PBXFileReference; lastKnownFileType = sourcecode.swift; path = LocalChallengeStore.swift; sourceTree = "<group>"; };
		C65D86D82FBA6A24006AA174 /* DailyAmountService.swift */ = {isa = PBXFileReference; lastKnownFileType = sourcecode.swift; path = DailyAmountService.swift; sourceTree = "<group>"; };
		C65D86D92FBA6A24006AA174 /* DailyAmountStore.swift */ = {isa = PBXFileReference; lastKnownFileType = sourcecode.swift; path = DailyAmountStore.swift; sourceTree = "<group>"; };
		C65D86DA2FBA6A24006AA174 /* StreakStartStore.swift */ = {isa = PBXFileReference; lastKnownFileType = sourcecode.swift; path = StreakStartStore.swift; sourceTree = "<group>"; };
		C65D86DC2FBA6A24006AA174 /* LocalUserService.swift */ = {isa = PBXFileReference; lastKnownFileType = sourcecode.swift; path = LocalUserService.swift; sourceTree = "<group>"; };
		C65D86DD2FBA6A24006AA174 /* LocalUserStore.swift */ = {isa = PBXFileReference; lastKnownFileType = sourcecode.swift; path = LocalUserStore.swift; sourceTree = "<group>"; };
		C65D86E02FBA6A24006AA174 /* AuthManager.swift */ = {isa = PBXFileReference; lastKnownFileType = sourcecode.swift; path = AuthManager.swift; sourceTree = "<group>"; };
		C65D86E12FBA6A24006AA174 /* SessionManager.swift */ = {isa = PBXFileReference; lastKnownFileType = sourcecode.swift; path = SessionManager.swift; sourceTree = "<group>"; };
		C65D86E32FBA6A24006AA174 /* UserStorage.swift */ = {isa = PBXFileReference; lastKnownFileType = sourcecode.swift; path = UserStorage.swift; sourceTree = "<group>"; };
		C65D86FC2FBA6A24006AA174 /* Preview Assets.xcassets */ = {isa = PBXFileReference; lastKnownFileType = folder.assetcatalog; path = "Preview Assets.xcassets"; sourceTree = "<group>"; };
		C65D86FE2FBA6A24006AA174 /* AuthFormModel.swift */ = {isa = PBXFileReference; lastKnownFileType = sourcecode.swift; path = AuthFormModel.swift; sourceTree = "<group>"; };
		C65D86FF2FBA6A24006AA174 /* AuthView.swift */ = {isa = PBXFileReference; lastKnownFileType = sourcecode.swift; path = AuthView.swift; sourceTree = "<group>"; };
		C65D87002FBA6A24006AA174 /* ProfileView.swift */ = {isa = PBXFileReference; lastKnownFileType = sourcecode.swift; path = ProfileView.swift; sourceTree = "<group>"; };
		C65D87012FBA6A24006AA174 /* RegFormModel.swift */ = {isa = PBXFileReference; lastKnownFileType = sourcecode.swift; path = RegFormModel.swift; sourceTree = "<group>"; };
		C65D87022FBA6A24006AA174 /* RegView.swift */ = {isa = PBXFileReference; lastKnownFileType = sourcecode.swift; path = RegView.swift; sourceTree = "<group>"; };
		C65D87032FBA6A24006AA174 /* ResetPasswordView.swift */ = {isa = PBXFileReference; lastKnownFileType = sourcecode.swift; path = ResetPasswordView.swift; sourceTree = "<group>"; };
		C65D87042FBA6A24006AA174 /* SettingsView.swift */ = {isa = PBXFileReference; lastKnownFileType = sourcecode.swift; path = SettingsView.swift; sourceTree = "<group>"; };
		C65D87052FBA6A24006AA174 /* StatsView.swift */ = {isa = PBXFileReference; lastKnownFileType = sourcecode.swift; path = StatsView.swift; sourceTree = "<group>"; };
		C65D87072FBA6A24006AA174 /* Assets.xcassets */ = {isa = PBXFileReference; lastKnownFileType = folder.assetcatalog; path = Assets.xcassets; sourceTree = "<group>"; };
		C65D87082FBA6A24006AA174 /* GoogleService-Info.plist */ = {isa = PBXFileReference; lastKnownFileType = text.plist.xml; path = "GoogleService-Info.plist"; sourceTree = "<group>"; };
		C65D870B2FBA6A24006AA174 /* SceneDelegate.swift */ = {isa = PBXFileReference; lastKnownFileType = sourcecode.swift; path = SceneDelegate.swift; sourceTree = "<group>"; };
		C65D870D2FBA6A24006AA174 /* KopiCupTests.swift */ = {isa = PBXFileReference; lastKnownFileType = sourcecode.swift; path = KopiCupTests.swift; sourceTree = "<group>"; };
		C65D870F2FBA6A24006AA174 /* KopiCupUITests.swift */ = {isa = PBXFileReference; lastKnownFileType = sourcecode.swift; path = KopiCupUITests.swift; sourceTree = "<group>"; };
		C65D87102FBA6A24006AA174 /* KopiCupUITestsLaunchTests.swift */ = {isa = PBXFileReference; lastKnownFileType = sourcecode.swift; path = KopiCupUITestsLaunchTests.swift; sourceTree = "<group>"; };
		C68060942ECE6C0500154DC5 /* KopiCup.app */ = {isa = PBXFileReference; explicitFileType = wrapper.application; includeInIndex = 0; path = KopiCup.app; sourceTree = BUILT_PRODUCTS_DIR; };
		C68060A42ECE6C0700154DC5 /* KopiCupTests.xctest */ = {isa = PBXFileReference; explicitFileType = wrapper.cfbundle; includeInIndex = 0; path = KopiCupTests.xctest; sourceTree = BUILT_PRODUCTS_DIR; };
		C68060AE2ECE6C0700154DC5 /* KopiCupUITests.xctest */ = {isa = PBXFileReference; explicitFileType = wrapper.cfbundle; includeInIndex = 0; path = KopiCupUITests.xctest; sourceTree = BUILT_PRODUCTS_DIR; };
/* End PBXFileReference section */

/* Begin PBXFrameworksBuildPhase section */
		C68060912ECE6C0500154DC5 /* Frameworks */ = {
			isa = PBXFrameworksBuildPhase;
			buildActionMask = 2147483647;
			files = (
				C6A22D012EF1BAF100A2865B /* FirebaseDatabase in Frameworks */,
				C6A22D032EF1BAF100A2865B /* FirebaseFirestore in Frameworks */,
				5EC333492F5AF90E00F1D39F /* DGCharts in Frameworks */,
				C6A22CFD2EF1BAF100A2865B /* FirebaseAnalytics in Frameworks */,
				C6A22CFF2EF1BAF100A2865B /* FirebaseAuth in Frameworks */,
				BEE4CA7F2FB9D9A900D695CF /* FirebaseFirestoreSwift in Frameworks */,
			);
			runOnlyForDeploymentPostprocessing = 0;
		};
		C68060A12ECE6C0700154DC5 /* Frameworks */ = {
			isa = PBXFrameworksBuildPhase;
			buildActionMask = 2147483647;
			files = (
			);
			runOnlyForDeploymentPostprocessing = 0;
		};
		C68060AB2ECE6C0700154DC5 /* Frameworks */ = {
			isa = PBXFrameworksBuildPhase;
			buildActionMask = 2147483647;
			files = (
			);
			runOnlyForDeploymentPostprocessing = 0;
		};
/* End PBXFrameworksBuildPhase section */

/* Begin PBXGroup section */
		C65D86842FBA6A24006AA174 /* App */ = {
			isa = PBXGroup;
			children = (
				C65D86812FBA6A24006AA174 /* AppRootView.swift */,
				C65D86822FBA6A24006AA174 /* KopiCupApp.swift */,
				C65D86832FBA6A24006AA174 /* L10n.swift */,
			);
			path = App;
			sourceTree = "<group>";
		};
		C65D86892FBA6A24006AA174 /* DesignSystem */ = {
			isa = PBXGroup;
			children = (
				C65D86852FBA6A24006AA174 /* ActionButtonStyle.swift */,
				C65D86862FBA6A24006AA174 /* CardAppearance.swift */,
				C65D86872FBA6A24006AA174 /* CardModifier.swift */,
				C65D86882FBA6A24006AA174 /* UIComponents.swift */,
			);
			path = DesignSystem;
			sourceTree = "<group>";
		};
		C65D868E2FBA6A24006AA174 /* Helpers */ = {
			isa = PBXGroup;
			children = (
				C65D868A2FBA6A24006AA174 /* DateFormatter.swift */,
				C65D868B2FBA6A24006AA174 /* HexColorHelper.swift */,
				C65D868C2FBA6A24006AA174 /* Number+CurrencyFormatter.swift */,
				C65D868D2FBA6A24006AA174 /* Optional+Bool.swift */,
			);
			path = Helpers;
			sourceTree = "<group>";
		};
		C65D86902FBA6A24006AA174 /* State */ = {
			isa = PBXGroup;
			children = (
				C65D868F2FBA6A24006AA174 /* LoadState.swift */,
			);
			path = State;
			sourceTree = "<group>";
		};
		C65D86912FBA6A24006AA174 /* Core */ = {
			isa = PBXGroup;
			children = (
				C65D86892FBA6A24006AA174 /* DesignSystem */,
				C65D868E2FBA6A24006AA174 /* Helpers */,
				C65D86902FBA6A24006AA174 /* State */,
			);
			path = Core;
			sourceTree = "<group>";
		};
		C65D869B2FBA6A24006AA174 /* Models */ = {
			isa = PBXGroup;
			children = (
				C65D86922FBA6A24006AA174 /* AchievementsViewModel.swift */,
				C65D86932FBA6A24006AA174 /* Challenge.swift */,
				C65D86942FBA6A24006AA174 /* Goal.swift */,
				C65D86952FBA6A24006AA174 /* GoalTransaction.swift */,
				C65D86962FBA6A24006AA174 /* PiggyProfileDTO.swift */,
				C65D86972FBA6A24006AA174 /* Series.swift */,
				C65D86982FBA6A24006AA174 /* User.swift */,
				C65D86992FBA6A24006AA174 /* UserChallenge.swift */,
				C65D869A2FBA6A24006AA174 /* UserChallengeState.swift */,
			);
			path = Models;
			sourceTree = "<group>";
		};
		C65D869F2FBA6A24006AA174 /* Mock */ = {
			isa = PBXGroup;
			children = (
				C65D869C2FBA6A24006AA174 /* MockChallengeService.swift */,
				C65D869D2FBA6A24006AA174 /* MockGoalService.swift */,
				C65D869E2FBA6A24006AA174 /* MockUserService.swift */,
			);
			path = Mock;
			sourceTree = "<group>";
		};
		C65D86A52FBA6A24006AA174 /* Services */ = {
			isa = PBXGroup;
			children = (
				C65D869F2FBA6A24006AA174 /* Mock */,
				C65D86A02FBA6A24006AA174 /* ChallengeService.swift */,
				C65D86A12FBA6A24006AA174 /* GoalService.swift */,
				C65D86A22FBA6A24006AA174 /* PiggyProfileService.swift */,
				C65D86A32FBA6A24006AA174 /* RewardService.swift */,
				C65D86A42FBA6A24006AA174 /* UserService.swift */,
			);
			path = Services;
			sourceTree = "<group>";
		};
		C65D86A62FBA6A24006AA174 /* Domain */ = {
			isa = PBXGroup;
			children = (
				C65D869B2FBA6A24006AA174 /* Models */,
				C65D86A52FBA6A24006AA174 /* Services */,
			);
			path = Domain;
			sourceTree = "<group>";
		};
		C65D86AC2FBA6A24006AA174 /* Challenge */ = {
			isa = PBXGroup;
			children = (
				C65D86A72FBA6A24006AA174 /* ChallengeCardView.swift */,
				C65D86A82FBA6A24006AA174 /* ChallengeDetailsView.swift */,
				C65D86A92FBA6A24006AA174 /* ChallengeViewModel.swift */,
				C65D86AA2FBA6A24006AA174 /* DifficultyBoltsView.swift */,
				C65D86AB2FBA6A24006AA174 /* UserChallengeViewModel.swift */,
			);
			path = Challenge;
			sourceTree = "<group>";
		};
		C65D86B62FBA6A24006AA174 /* Goal */ = {
			isa = PBXGroup;
			children = (
				C65D86AD2FBA6A24006AA174 /* AboutGoalView.swift */,
				C65D86AE2FBA6A24006AA174 /* EditGoalView.swift */,
				C65D86AF2FBA6A24006AA174 /* EmtyGoalCardView.swift */,
				C65D86B02FBA6A24006AA174 /* GoalCardView.swift */,
				C65D86B12FBA6A24006AA174 /* GoalDetailsView.swift */,
				C65D86B22FBA6A24006AA174 /* GoalFormView.swift */,
				C65D86B32FBA6A24006AA174 /* GoalViewModel.swift */,
				C65D86B42FBA6A24006AA174 /* ImagePickerView.swift */,
				C65D86B52FBA6A24006AA174 /* StorageUploader.swift */,
			);
			path = Goal;
			sourceTree = "<group>";
		};
		C65D86C02FBA6A24006AA174 /* Home */ = {
			isa = PBXGroup;
			children = (
				C65D86B72FBA6A24006AA174 /* EconomyStore.swift */,
				C65D86B82FBA6A24006AA174 /* HeaderView.swift */,
				C65D86B92FBA6A24006AA174 /* HomeView.swift */,
				C65D86BA2FBA6A24006AA174 /* HomeViewModel.swift */,
				C65D86BC2FBA6A24006AA174 /* LocalEconomyStore.swift */,
				C65D86BD2FBA6A24006AA174 /* PiggyModalView.swift */,
				C65D86BE2FBA6A24006AA174 /* RewardBannerCenter.swift */,
				C65D86BF2FBA6A24006AA174 /* RewardToastView.swift */,
			);
			path = Home;
			sourceTree = "<group>";
		};
		C65D86C22FBA6A24006AA174 /* MainTab */ = {
			isa = PBXGroup;
			children = (
				C65D86C12FBA6A24006AA174 /* MainTabView.swift */,
			);
			path = MainTab;
			sourceTree = "<group>";
		};
		C65D86C72FBA6A24006AA174 /* Series */ = {
			isa = PBXGroup;
			children = (
				C65D86C32FBA6A24006AA174 /* AddMoneyView.swift */,
				C65D86C42FBA6A24006AA174 /* SeriesCardView.swift */,
				C65D86C52FBA6A24006AA174 /* SeriesProgressView.swift */,
				C65D86C62FBA6A24006AA174 /* SeriesViewModel.swift */,
			);
			path = Series;
			sourceTree = "<group>";
		};
		C65D86CA2FBA6A24006AA174 /* Stats */ = {
			isa = PBXGroup;
			children = (
				C65D86C82FBA6A24006AA174 /* StatsCharts.swift */,
				C65D86C92FBA6A24006AA174 /* StatsService.swift */,
			);
			path = Stats;
			sourceTree = "<group>";
		};
		C65D86CB2FBA6A24006AA174 /* Features */ = {
			isa = PBXGroup;
			children = (
				C65D86AC2FBA6A24006AA174 /* Challenge */,
				C65D86B62FBA6A24006AA174 /* Goal */,
				C65D86C02FBA6A24006AA174 /* Home */,
				C65D86C22FBA6A24006AA174 /* MainTab */,
				C65D86C72FBA6A24006AA174 /* Series */,
				C65D86CA2FBA6A24006AA174 /* Stats */,
			);
			path = Features;
			sourceTree = "<group>";
		};
		C65D86D12FBA6A24006AA174 /* Firebase */ = {
			isa = PBXGroup;
			children = (
				C65D86CC2FBA6A24006AA174 /* FirebaseChallengeService.swift */,
				C65D86CD2FBA6A24006AA174 /* FirebaseGoalService.swift */,
				C65D86CE2FBA6A24006AA174 /* FirebaseUserService.swift */,
				C65D86CF2FBA6A24006AA174 /* FirestorePaths.swift */,
				C65D86D02FBA6A24006AA174 /* GoalsRepository.swift */,
			);
			path = Firebase;
			sourceTree = "<group>";
		};
		C65D86D42FBA6A24006AA174 /* Activity */ = {
			isa = PBXGroup;
			children = (
				C65D86D22FBA6A24006AA174 /* AppActivityService.swift */,
				C65D86D32FBA6A24006AA174 /* AppActivityStore.swift */,
			);
			path = Activity;
			sourceTree = "<group>";
		};
		C65D86D72FBA6A24006AA174 /* Challenge */ = {
			isa = PBXGroup;
			children = (
				C65D86D52FBA6A24006AA174 /* LocalChallengeService.swift */,
				C65D86D62FBA6A24006AA174 /* LocalChallengeStore.swift */,
			);
			path = Challenge;
			sourceTree = "<group>";
		};
		C65D86DB2FBA6A24006AA174 /* DailyAmount */ = {
			isa = PBXGroup;
			children = (
				C65D86D82FBA6A24006AA174 /* DailyAmountService.swift */,
				C65D86D92FBA6A24006AA174 /* DailyAmountStore.swift */,
				C65D86DA2FBA6A24006AA174 /* StreakStartStore.swift */,
			);
			path = DailyAmount;
			sourceTree = "<group>";
		};
		C65D86DE2FBA6A24006AA174 /* User */ = {
			isa = PBXGroup;
			children = (
				C65D86DC2FBA6A24006AA174 /* LocalUserService.swift */,
				C65D86DD2FBA6A24006AA174 /* LocalUserStore.swift */,
			);
			path = User;
			sourceTree = "<group>";
		};
		C65D86DF2FBA6A24006AA174 /* LocalStorage */ = {
			isa = PBXGroup;
			children = (
				C65D86D42FBA6A24006AA174 /* Activity */,
				C65D86D72FBA6A24006AA174 /* Challenge */,
				C65D86DB2FBA6A24006AA174 /* DailyAmount */,
				C65D86DE2FBA6A24006AA174 /* User */,
			);
			path = LocalStorage;
			sourceTree = "<group>";
		};
		C65D86E22FBA6A24006AA174 /* Managers */ = {
			isa = PBXGroup;
			children = (
				C65D86E02FBA6A24006AA174 /* AuthManager.swift */,
				C65D86E12FBA6A24006AA174 /* SessionManager.swift */,
			);
			path = Managers;
			sourceTree = "<group>";
		};
		C65D86E42FBA6A24006AA174 /* Storage */ = {
			isa = PBXGroup;
			children = (
				C65D86E32FBA6A24006AA174 /* UserStorage.swift */,
			);
			path = Storage;
			sourceTree = "<group>";
		};
		C65D86E52FBA6A24006AA174 /* Infrastructure */ = {
			isa = PBXGroup;
			children = (
				C65D86D12FBA6A24006AA174 /* Firebase */,
				C65D86DF2FBA6A24006AA174 /* LocalStorage */,
				C65D86E22FBA6A24006AA174 /* Managers */,
				C65D86E42FBA6A24006AA174 /* Storage */,
			);
			path = Infrastructure;
			sourceTree = "<group>";
		};
		C65D86FD2FBA6A24006AA174 /* Preview Content */ = {
			isa = PBXGroup;
			children = (
				C65D86FC2FBA6A24006AA174 /* Preview Assets.xcassets */,
			);
			path = "Preview Content";
			sourceTree = "<group>";
		};
		C65D87062FBA6A24006AA174 /* Views */ = {
			isa = PBXGroup;
			children = (
				C65D86FE2FBA6A24006AA174 /* AuthFormModel.swift */,
				C65D86FF2FBA6A24006AA174 /* AuthView.swift */,
				C65D87002FBA6A24006AA174 /* ProfileView.swift */,
				C65D87012FBA6A24006AA174 /* RegFormModel.swift */,
				C65D87022FBA6A24006AA174 /* RegView.swift */,
				C65D87032FBA6A24006AA174 /* ResetPasswordView.swift */,
				C65D87042FBA6A24006AA174 /* SettingsView.swift */,
				C65D87052FBA6A24006AA174 /* StatsView.swift */,
			);
			path = Views;
			sourceTree = "<group>";
		};
		C65D870C2FBA6A24006AA174 /* KopiCup */ = {
			isa = PBXGroup;
			children = (
				C65D86842FBA6A24006AA174 /* App */,
				C65D86912FBA6A24006AA174 /* Core */,
				C65D86A62FBA6A24006AA174 /* Domain */,
				C65D86CB2FBA6A24006AA174 /* Features */,
				C65D86E52FBA6A24006AA174 /* Infrastructure */,
				C65D86FD2FBA6A24006AA174 /* Preview Content */,
				C65D87062FBA6A24006AA174 /* Views */,
				C65D87072FBA6A24006AA174 /* Assets.xcassets */,
				C65D87082FBA6A24006AA174 /* GoogleService-Info.plist */,
				C65D870B2FBA6A24006AA174 /* SceneDelegate.swift */,
			);
			path = KopiCup;
			sourceTree = "<group>";
		};
		C65D870E2FBA6A24006AA174 /* KopiCupTests */ = {
			isa = PBXGroup;
			children = (
				C65D870D2FBA6A24006AA174 /* KopiCupTests.swift */,
			);
			path = KopiCupTests;
			sourceTree = "<group>";
		};
		C65D87112FBA6A24006AA174 /* KopiCupUITests */ = {
			isa = PBXGroup;
			children = (
				C65D870F2FBA6A24006AA174 /* KopiCupUITests.swift */,
				C65D87102FBA6A24006AA174 /* KopiCupUITestsLaunchTests.swift */,
			);
			path = KopiCupUITests;
			sourceTree = "<group>";
		};
		C680608B2ECE6C0500154DC5 = {
			isa = PBXGroup;
			children = (
				C65D870C2FBA6A24006AA174 /* KopiCup */,
				C65D870E2FBA6A24006AA174 /* KopiCupTests */,
				C65D87112FBA6A24006AA174 /* KopiCupUITests */,
				C68060952ECE6C0500154DC5 /* Products */,
			);
			sourceTree = "<group>";
		};
		C68060952ECE6C0500154DC5 /* Products */ = {
			isa = PBXGroup;
			children = (
				C68060942ECE6C0500154DC5 /* KopiCup.app */,
				C68060A42ECE6C0700154DC5 /* KopiCupTests.xctest */,
				C68060AE2ECE6C0700154DC5 /* KopiCupUITests.xctest */,
			);
			name = Products;
			sourceTree = "<group>";
		};
/* End PBXGroup section */

/* Begin PBXNativeTarget section */
		C68060932ECE6C0500154DC5 /* KopiCup */ = {
			isa = PBXNativeTarget;
			buildConfigurationList = C68060B82ECE6C0700154DC5 /* Build configuration list for PBXNativeTarget "KopiCup" */;
			buildPhases = (
				C68060902ECE6C0500154DC5 /* Sources */,
				C68060912ECE6C0500154DC5 /* Frameworks */,
				C68060922ECE6C0500154DC5 /* Resources */,
			);
			buildRules = (
			);
			dependencies = (
			);
			name = KopiCup;
			packageProductDependencies = (
				C6A22CFC2EF1BAF100A2865B /* FirebaseAnalytics */,
				C6A22CFE2EF1BAF100A2865B /* FirebaseAuth */,
				C6A22D002EF1BAF100A2865B /* FirebaseDatabase */,
				C6A22D022EF1BAF100A2865B /* FirebaseFirestore */,
				5EC333482F5AF90E00F1D39F /* DGCharts */,
				BEE4CA7E2FB9D9A900D695CF /* FirebaseFirestoreSwift */,
			);
			productName = KopiCup;
			productReference = C68060942ECE6C0500154DC5 /* KopiCup.app */;
			productType = "com.apple.product-type.application";
		};
		C68060A32ECE6C0700154DC5 /* KopiCupTests */ = {
			isa = PBXNativeTarget;
			buildConfigurationList = C68060BB2ECE6C0700154DC5 /* Build configuration list for PBXNativeTarget "KopiCupTests" */;
			buildPhases = (
				C68060A02ECE6C0700154DC5 /* Sources */,
				C68060A12ECE6C0700154DC5 /* Frameworks */,
				C68060A22ECE6C0700154DC5 /* Resources */,
			);
			buildRules = (
			);
			dependencies = (
				C68060A62ECE6C0700154DC5 /* PBXTargetDependency */,
			);
			name = KopiCupTests;
			productName = KopiCupTests;
			productReference = C68060A42ECE6C0700154DC5 /* KopiCupTests.xctest */;
			productType = "com.apple.product-type.bundle.unit-test";
		};
		C68060AD2ECE6C0700154DC5 /* KopiCupUITests */ = {
			isa = PBXNativeTarget;
			buildConfigurationList = C68060BE2ECE6C0700154DC5 /* Build configuration list for PBXNativeTarget "KopiCupUITests" */;
			buildPhases = (
				C68060AA2ECE6C0700154DC5 /* Sources */,
				C68060AB2ECE6C0700154DC5 /* Frameworks */,
				C68060AC2ECE6C0700154DC5 /* Resources */,
			);
			buildRules = (
			);
			dependencies = (
				C68060B02ECE6C0700154DC5 /* PBXTargetDependency */,
			);
			name = KopiCupUITests;
			productName = KopiCupUITests;
			productReference = C68060AE2ECE6C0700154DC5 /* KopiCupUITests.xctest */;
			productType = "com.apple.product-type.bundle.ui-testing";
		};
/* End PBXNativeTarget section */

/* Begin PBXProject section */
		C680608C2ECE6C0500154DC5 /* Project object */ = {
			isa = PBXProject;
			attributes = {
				BuildIndependentTargetsInParallel = 1;
				LastSwiftUpdateCheck = 1420;
				LastUpgradeCheck = 1420;
				TargetAttributes = {
					C68060932ECE6C0500154DC5 = {
						CreatedOnToolsVersion = 14.2;
					};
					C68060A32ECE6C0700154DC5 = {
						CreatedOnToolsVersion = 14.2;
						TestTargetID = C68060932ECE6C0500154DC5;
					};
					C68060AD2ECE6C0700154DC5 = {
						CreatedOnToolsVersion = 14.2;
						TestTargetID = C68060932ECE6C0500154DC5;
					};
				};
			};
			buildConfigurationList = C680608F2ECE6C0500154DC5 /* Build configuration list for PBXProject "KopiCup" */;
			compatibilityVersion = "Xcode 14.0";
			developmentRegion = en;
			hasScannedForEncodings = 0;
			knownRegions = (
				en,
				Base,
			);
			mainGroup = C680608B2ECE6C0500154DC5;
			packageReferences = (
				C6A22CFB2EF1BAF100A2865B /* XCRemoteSwiftPackageReference "firebase-ios-sdk" */,
				5EC333472F5AF90E00F1D39F /* XCRemoteSwiftPackageReference "Charts" */,
			);
			productRefGroup = C68060952ECE6C0500154DC5 /* Products */;
			projectDirPath = "";
			projectRoot = "";
			targets = (
				C68060932ECE6C0500154DC5 /* KopiCup */,
				C68060A32ECE6C0700154DC5 /* KopiCupTests */,
				C68060AD2ECE6C0700154DC5 /* KopiCupUITests */,
			);
		};
/* End PBXProject section */

/* Begin PBXResourcesBuildPhase section */
		C68060922ECE6C0500154DC5 /* Resources */ = {
			isa = PBXResourcesBuildPhase;
			buildActionMask = 2147483647;
			files = (
				C65D884F2FBA6A24006AA174 /* Preview Assets.xcassets in Resources */,
				C65D88522FBA6A24006AA174 /* Assets.xcassets in Resources */,
				C65D88542FBA6A24006AA174 /* GoogleService-Info.plist in Resources */,
			);
			runOnlyForDeploymentPostprocessing = 0;
		};
		C68060A22ECE6C0700154DC5 /* Resources */ = {
			isa = PBXResourcesBuildPhase;
			buildActionMask = 2147483647;
			files = (
			);
			runOnlyForDeploymentPostprocessing = 0;
		};
		C68060AC2ECE6C0700154DC5 /* Resources */ = {
			isa = PBXResourcesBuildPhase;
			buildActionMask = 2147483647;
			files = (
			);
			runOnlyForDeploymentPostprocessing = 0;
		};
/* End PBXResourcesBuildPhase section */

/* Begin PBXSourcesBuildPhase section */
		C68060902ECE6C0500154DC5 /* Sources */ = {
			isa = PBXSourcesBuildPhase;
			buildActionMask = 2147483647;
			files = (
				C65D87EA2FBA6A24006AA174 /* AddMoneyView.swift in Sources */,
				C65D87EB2FBA6A24006AA174 /* UIComponents.swift in Sources */,
				C65D87EC2FBA6A24006AA174 /* LocalUserStore.swift in Sources */,
				C65D87EE2FBA6A24006AA174 /* AppActivityStore.swift in Sources */,
				C65D87EF2FBA6A24006AA174 /* ChallengeDetailsView.swift in Sources */,
				C65D87F02FBA6A24006AA174 /* ChallengeCardView.swift in Sources */,
				C65D87F12FBA6A24006AA174 /* DifficultyBoltsView.swift in Sources */,
				C65D87F42FBA6A24006AA174 /* SettingsView.swift in Sources */,
				C65D87F52FBA6A24006AA174 /* LoadState.swift in Sources */,
				C65D87F62FBA6A24006AA174 /* MainTabView.swift in Sources */,
				C65D87F72FBA6A24006AA174 /* HeaderView.swift in Sources */,
				C65D87F82FBA6A24006AA174 /* RegFormModel.swift in Sources */,
				C65D87F92FBA6A24006AA174 /* UserChallenge.swift in Sources */,
				C65D87FB2FBA6A24006AA174 /* HexColorHelper.swift in Sources */,
				C65D87FC2FBA6A24006AA174 /* SessionManager.swift in Sources */,
				C65D87FD2FBA6A24006AA174 /* LocalChallengeStore.swift in Sources */,
				C65D87FE2FBA6A24006AA174 /* HomeView.swift in Sources */,
				C65D88012FBA6A24006AA174 /* RegView.swift in Sources */,
				C65D88032FBA6A24006AA174 /* FirestorePaths.swift in Sources */,
				C65D88042FBA6A24006AA174 /* ActionButtonStyle.swift in Sources */,
				C65D88052FBA6A24006AA174 /* UserStorage.swift in Sources */,
				C65D88062FBA6A24006AA174 /* StorageUploader.swift in Sources */,
				C65D88072FBA6A24006AA174 /* SeriesViewModel.swift in Sources */,
				C65D88082FBA6A24006AA174 /* CardAppearance.swift in Sources */,
				C65D88092FBA6A24006AA174 /* MockGoalService.swift in Sources */,
				C65D880D2FBA6A24006AA174 /* StatsCharts.swift in Sources */,
				C65D880E2FBA6A24006AA174 /* DailyAmountStore.swift in Sources */,
				C65D88112FBA6A24006AA174 /* PiggyModalView.swift in Sources */,
				C65D88142FBA6A24006AA174 /* StreakStartStore.swift in Sources */,
				C65D88152FBA6A24006AA174 /* SeriesCardView.swift in Sources */,
				C65D88162FBA6A24006AA174 /* SceneDelegate.swift in Sources */,
				C65D88172FBA6A24006AA174 /* Challenge.swift in Sources */,
				C65D88182FBA6A24006AA174 /* ProfileView.swift in Sources */,
				C65D88192FBA6A24006AA174 /* Optional+Bool.swift in Sources */,
				C65D881A2FBA6A24006AA174 /* Series.swift in Sources */,
				C65D881B2FBA6A24006AA174 /* FirebaseGoalService.swift in Sources */,
				C65D881C2FBA6A24006AA174 /* StatsView.swift in Sources */,
				C65D881D2FBA6A24006AA174 /* CardModifier.swift in Sources */,
				C65D881E2FBA6A24006AA174 /* PiggyProfileService.swift in Sources */,
				C65D881F2FBA6A24006AA174 /* L10n.swift in Sources */,
				C65D88202FBA6A24006AA174 /* AppRootView.swift in Sources */,
				C65D88212FBA6A24006AA174 /* StatsService.swift in Sources */,
				C65D88222FBA6A24006AA174 /* RewardService.swift in Sources */,
				C65D88232FBA6A24006AA174 /* RewardBannerCenter.swift in Sources */,
				C65D88252FBA6A24006AA174 /* GoalCardView.swift in Sources */,
				C65D88262FBA6A24006AA174 /* SeriesProgressView.swift in Sources */,
				C65D88272FBA6A24006AA174 /* EmtyGoalCardView.swift in Sources */,
				C65D88282FBA6A24006AA174 /* AchievementsViewModel.swift in Sources */,
				C65D882A2FBA6A24006AA174 /* DateFormatter.swift in Sources */,
				C65D882B2FBA6A24006AA174 /* GoalTransaction.swift in Sources */,
				C65D882C2FBA6A24006AA174 /* GoalFormView.swift in Sources */,
				C65D882D2FBA6A24006AA174 /* AuthFormModel.swift in Sources */,
				C65D882E2FBA6A24006AA174 /* ChallengeService.swift in Sources */,
				C65D882F2FBA6A24006AA174 /* MockChallengeService.swift in Sources */,
				C65D88302FBA6A24006AA174 /* User.swift in Sources */,
				C65D88312FBA6A24006AA174 /* MockUserService.swift in Sources */,
				C65D88322FBA6A24006AA174 /* EditGoalView.swift in Sources */,
				C65D88332FBA6A24006AA174 /* Goal.swift in Sources */,
				C65D88342FBA6A24006AA174 /* GoalDetailsView.swift in Sources */,
				C65D88352FBA6A24006AA174 /* LocalChallengeService.swift in Sources */,
				C65D88362FBA6A24006AA174 /* PiggyProfileDTO.swift in Sources */,
				C65D88372FBA6A24006AA174 /* AuthView.swift in Sources */,
				C65D88382FBA6A24006AA174 /* UserChallengeState.swift in Sources */,
				C65D88392FBA6A24006AA174 /* FirebaseChallengeService.swift in Sources */,
				C65D883A2FBA6A24006AA174 /* KopiCupApp.swift in Sources */,
				C65D883B2FBA6A24006AA174 /* ChallengeViewModel.swift in Sources */,
				C65D883C2FBA6A24006AA174 /* ResetPasswordView.swift in Sources */,
				C65D883D2FBA6A24006AA174 /* AboutGoalView.swift in Sources */,
				C65D883E2FBA6A24006AA174 /* UserChallengeViewModel.swift in Sources */,
				C65D883F2FBA6A24006AA174 /* GoalsRepository.swift in Sources */,
				C65D88412FBA6A24006AA174 /* DailyAmountService.swift in Sources */,
				C65D88422FBA6A24006AA174 /* GoalService.swift in Sources */,
				C65D88432FBA6A24006AA174 /* FirebaseUserService.swift in Sources */,
				C65D88442FBA6A24006AA174 /* RewardToastView.swift in Sources */,
				C65D88452FBA6A24006AA174 /* GoalViewModel.swift in Sources */,
				C65D88462FBA6A24006AA174 /* AuthManager.swift in Sources */,
				C65D88472FBA6A24006AA174 /* EconomyStore.swift in Sources */,
				C65D88482FBA6A24006AA174 /* LocalUserService.swift in Sources */,
				C65D88492FBA6A24006AA174 /* HomeViewModel.swift in Sources */,
				C65D884A2FBA6A24006AA174 /* Number+CurrencyFormatter.swift in Sources */,
				C65D884B2FBA6A24006AA174 /* AppActivityService.swift in Sources */,
				C65D884C2FBA6A24006AA174 /* ImagePickerView.swift in Sources */,
				C65D884D2FBA6A24006AA174 /* UserService.swift in Sources */,
				C65D884E2FBA6A24006AA174 /* LocalEconomyStore.swift in Sources */,
			);
			runOnlyForDeploymentPostprocessing = 0;
		};
		C68060A02ECE6C0700154DC5 /* Sources */ = {
			isa = PBXSourcesBuildPhase;
			buildActionMask = 2147483647;
			files = (
				C65D87972FBA6A24006AA174 /* KopiCupTests.swift in Sources */,
			);
			runOnlyForDeploymentPostprocessing = 0;
		};
		C68060AA2ECE6C0700154DC5 /* Sources */ = {
			isa = PBXSourcesBuildPhase;
			buildActionMask = 2147483647;
			files = (
				C65D87402FBA6A24006AA174 /* KopiCupUITests.swift in Sources */,
				C65D87422FBA6A24006AA174 /* KopiCupUITestsLaunchTests.swift in Sources */,
			);
			runOnlyForDeploymentPostprocessing = 0;
		};
/* End PBXSourcesBuildPhase section */

/* Begin PBXTargetDependency section */
		C68060A62ECE6C0700154DC5 /* PBXTargetDependency */ = {
			isa = PBXTargetDependency;
			target = C68060932ECE6C0500154DC5 /* KopiCup */;
			targetProxy = C68060A52ECE6C0700154DC5 /* PBXContainerItemProxy */;
		};
		C68060B02ECE6C0700154DC5 /* PBXTargetDependency */ = {
			isa = PBXTargetDependency;
			target = C68060932ECE6C0500154DC5 /* KopiCup */;
			targetProxy = C68060AF2ECE6C0700154DC5 /* PBXContainerItemProxy */;
		};
/* End PBXTargetDependency section */

/* Begin XCBuildConfiguration section */
		C68060B62ECE6C0700154DC5 /* Debug */ = {
			isa = XCBuildConfiguration;
			buildSettings = {
				ALWAYS_SEARCH_USER_PATHS = NO;
				CLANG_ANALYZER_NONNULL = YES;
				CLANG_ANALYZER_NUMBER_OBJECT_CONVERSION = YES_AGGRESSIVE;
				CLANG_CXX_LANGUAGE_STANDARD = "gnu++20";
				CLANG_ENABLE_MODULES = YES;
				CLANG_ENABLE_OBJC_ARC = YES;
				CLANG_ENABLE_OBJC_WEAK = YES;
				CLANG_WARN_BLOCK_CAPTURE_AUTORELEASING = YES;
				CLANG_WARN_BOOL_CONVERSION = YES;
				CLANG_WARN_COMMA = YES;
				CLANG_WARN_CONSTANT_CONVERSION = YES;
				CLANG_WARN_DEPRECATED_OBJC_IMPLEMENTATIONS = YES;
				CLANG_WARN_DIRECT_OBJC_ISA_USAGE = YES_ERROR;
				CLANG_WARN_DOCUMENTATION_COMMENTS = YES;
				CLANG_WARN_EMPTY_BODY = YES;
				CLANG_WARN_ENUM_CONVERSION = YES;
				CLANG_WARN_INFINITE_RECURSION = YES;
				CLANG_WARN_INT_CONVERSION = YES;
				CLANG_WARN_NON_LITERAL_NULL_CONVERSION = YES;
				CLANG_WARN_OBJC_IMPLICIT_RETAIN_SELF = YES;
				CLANG_WARN_OBJC_LITERAL_CONVERSION = YES;
				CLANG_WARN_OBJC_ROOT_CLASS = YES_ERROR;
				CLANG_WARN_QUOTED_INCLUDE_IN_FRAMEWORK_HEADER = YES;
				CLANG_WARN_RANGE_LOOP_ANALYSIS = YES;
				CLANG_WARN_STRICT_PROTOTYPES = YES;
				CLANG_WARN_SUSPICIOUS_MOVE = YES;
				CLANG_WARN_UNGUARDED_AVAILABILITY = YES_AGGRESSIVE;
				CLANG_WARN_UNREACHABLE_CODE = YES;
				CLANG_WARN__DUPLICATE_METHOD_MATCH = YES;
				COPY_PHASE_STRIP = NO;
				DEBUG_INFORMATION_FORMAT = dwarf;
				ENABLE_STRICT_OBJC_MSGSEND = YES;
				ENABLE_TESTABILITY = YES;
				GCC_C_LANGUAGE_STANDARD = gnu11;
				GCC_DYNAMIC_NO_PIC = NO;
				GCC_NO_COMMON_BLOCKS = YES;
				GCC_OPTIMIZATION_LEVEL = 0;
				GCC_PREPROCESSOR_DEFINITIONS = (
					"DEBUG=1",
					"$(inherited)",
				);
				GCC_WARN_64_TO_32_BIT_CONVERSION = YES;
				GCC_WARN_ABOUT_RETURN_TYPE = YES_ERROR;
				GCC_WARN_UNDECLARED_SELECTOR = YES;
				GCC_WARN_UNINITIALIZED_AUTOS = YES_AGGRESSIVE;
				GCC_WARN_UNUSED_FUNCTION = YES;
				GCC_WARN_UNUSED_VARIABLE = YES;
				IPHONEOS_DEPLOYMENT_TARGET = 16.2;
				MTL_ENABLE_DEBUG_INFO = INCLUDE_SOURCE;
				MTL_FAST_MATH = YES;
				ONLY_ACTIVE_ARCH = YES;
				SDKROOT = iphoneos;
				SWIFT_ACTIVE_COMPILATION_CONDITIONS = DEBUG;
				SWIFT_OPTIMIZATION_LEVEL = "-Onone";
			};
			name = Debug;
		};
		C68060B72ECE6C0700154DC5 /* Release */ = {
			isa = XCBuildConfiguration;
			buildSettings = {
				ALWAYS_SEARCH_USER_PATHS = NO;
				CLANG_ANALYZER_NONNULL = YES;
				CLANG_ANALYZER_NUMBER_OBJECT_CONVERSION = YES_AGGRESSIVE;
				CLANG_CXX_LANGUAGE_STANDARD = "gnu++20";
				CLANG_ENABLE_MODULES = YES;
				CLANG_ENABLE_OBJC_ARC = YES;
				CLANG_ENABLE_OBJC_WEAK = YES;
				CLANG_WARN_BLOCK_CAPTURE_AUTORELEASING = YES;
				CLANG_WARN_BOOL_CONVERSION = YES;
				CLANG_WARN_COMMA = YES;
				CLANG_WARN_CONSTANT_CONVERSION = YES;
				CLANG_WARN_DEPRECATED_OBJC_IMPLEMENTATIONS = YES;
				CLANG_WARN_DIRECT_OBJC_ISA_USAGE = YES_ERROR;
				CLANG_WARN_DOCUMENTATION_COMMENTS = YES;
				CLANG_WARN_EMPTY_BODY = YES;
				CLANG_WARN_ENUM_CONVERSION = YES;
				CLANG_WARN_INFINITE_RECURSION = YES;
				CLANG_WARN_INT_CONVERSION = YES;
				CLANG_WARN_NON_LITERAL_NULL_CONVERSION = YES;
				CLANG_WARN_OBJC_IMPLICIT_RETAIN_SELF = YES;
				CLANG_WARN_OBJC_LITERAL_CONVERSION = YES;
				CLANG_WARN_OBJC_ROOT_CLASS = YES_ERROR;
				CLANG_WARN_QUOTED_INCLUDE_IN_FRAMEWORK_HEADER = YES;
				CLANG_WARN_RANGE_LOOP_ANALYSIS = YES;
				CLANG_WARN_STRICT_PROTOTYPES = YES;
				CLANG_WARN_SUSPICIOUS_MOVE = YES;
				CLANG_WARN_UNGUARDED_AVAILABILITY = YES_AGGRESSIVE;
				CLANG_WARN_UNREACHABLE_CODE = YES;
				CLANG_WARN__DUPLICATE_METHOD_MATCH = YES;
				COPY_PHASE_STRIP = NO;
				DEBUG_INFORMATION_FORMAT = "dwarf-with-dsym";
				ENABLE_NS_ASSERTIONS = NO;
				ENABLE_STRICT_OBJC_MSGSEND = YES;
				GCC_C_LANGUAGE_STANDARD = gnu11;
				GCC_NO_COMMON_BLOCKS = YES;
				GCC_WARN_64_TO_32_BIT_CONVERSION = YES;
				GCC_WARN_ABOUT_RETURN_TYPE = YES_ERROR;
				GCC_WARN_UNDECLARED_SELECTOR = YES;
				GCC_WARN_UNINITIALIZED_AUTOS = YES_AGGRESSIVE;
				GCC_WARN_UNUSED_FUNCTION = YES;
				GCC_WARN_UNUSED_VARIABLE = YES;
				IPHONEOS_DEPLOYMENT_TARGET = 16.2;
				MTL_ENABLE_DEBUG_INFO = NO;
				MTL_FAST_MATH = YES;
				SDKROOT = iphoneos;
				SWIFT_COMPILATION_MODE = wholemodule;
				SWIFT_OPTIMIZATION_LEVEL = "-O";
				VALIDATE_PRODUCT = YES;
			};
			name = Release;
		};
		C68060B92ECE6C0700154DC5 /* Debug */ = {
			isa = XCBuildConfiguration;
			buildSettings = {
				ASSETCATALOG_COMPILER_APPICON_NAME = AppIcon;
				ASSETCATALOG_COMPILER_GLOBAL_ACCENT_COLOR_NAME = AccentColor;
				CODE_SIGN_STYLE = Automatic;
				CURRENT_PROJECT_VERSION = 1;
				DEVELOPMENT_ASSET_PATHS = "\"KopiCup/Preview Content\"";
				ENABLE_PREVIEWS = YES;
				GENERATE_INFOPLIST_FILE = YES;
				INFOPLIST_KEY_UIApplicationSceneManifest_Generation = YES;
				INFOPLIST_KEY_UIApplicationSupportsIndirectInputEvents = YES;
				INFOPLIST_KEY_UILaunchScreen_Generation = YES;
				INFOPLIST_KEY_UISupportedInterfaceOrientations_iPad = "UIInterfaceOrientationPortrait UIInterfaceOrientationPortraitUpsideDown UIInterfaceOrientationLandscapeLeft UIInterfaceOrientationLandscapeRight";
				INFOPLIST_KEY_UISupportedInterfaceOrientations_iPhone = "UIInterfaceOrientationPortrait UIInterfaceOrientationLandscapeLeft UIInterfaceOrientationLandscapeRight";
				LD_RUNPATH_SEARCH_PATHS = (
					"$(inherited)",
					"@executable_path/Frameworks",
				);
				MARKETING_VERSION = 1.0;
				PRODUCT_BUNDLE_IDENTIFIER = VK.MVD.KopiCup;
				PRODUCT_NAME = "$(TARGET_NAME)";
				SWIFT_EMIT_LOC_STRINGS = YES;
				SWIFT_VERSION = 5.0;
				TARGETED_DEVICE_FAMILY = "1,2";
			};
			name = Debug;
		};
		C68060BA2ECE6C0700154DC5 /* Release */ = {
			isa = XCBuildConfiguration;
			buildSettings = {
				ASSETCATALOG_COMPILER_APPICON_NAME = AppIcon;
				ASSETCATALOG_COMPILER_GLOBAL_ACCENT_COLOR_NAME = AccentColor;
				CODE_SIGN_STYLE = Automatic;
				CURRENT_PROJECT_VERSION = 1;
				DEVELOPMENT_ASSET_PATHS = "\"KopiCup/Preview Content\"";
				ENABLE_PREVIEWS = YES;
				GENERATE_INFOPLIST_FILE = YES;
				INFOPLIST_KEY_UIApplicationSceneManifest_Generation = YES;
				INFOPLIST_KEY_UIApplicationSupportsIndirectInputEvents = YES;
				INFOPLIST_KEY_UILaunchScreen_Generation = YES;
				INFOPLIST_KEY_UISupportedInterfaceOrientations_iPad = "UIInterfaceOrientationPortrait UIInterfaceOrientationPortraitUpsideDown UIInterfaceOrientationLandscapeLeft UIInterfaceOrientationLandscapeRight";
				INFOPLIST_KEY_UISupportedInterfaceOrientations_iPhone = "UIInterfaceOrientationPortrait UIInterfaceOrientationLandscapeLeft UIInterfaceOrientationLandscapeRight";
				LD_RUNPATH_SEARCH_PATHS = (
					"$(inherited)",
					"@executable_path/Frameworks",
				);
				MARKETING_VERSION = 1.0;
				PRODUCT_BUNDLE_IDENTIFIER = VK.MVD.KopiCup;
				PRODUCT_NAME = "$(TARGET_NAME)";
				SWIFT_EMIT_LOC_STRINGS = YES;
				SWIFT_VERSION = 5.0;
				TARGETED_DEVICE_FAMILY = "1,2";
			};
			name = Release;
		};
		C68060BC2ECE6C0700154DC5 /* Debug */ = {
			isa = XCBuildConfiguration;
			buildSettings = {
				BUNDLE_LOADER = "$(TEST_HOST)";
				CODE_SIGN_STYLE = Automatic;
				CURRENT_PROJECT_VERSION = 1;
				GENERATE_INFOPLIST_FILE = YES;
				IPHONEOS_DEPLOYMENT_TARGET = 16.2;
				MARKETING_VERSION = 1.0;
				PRODUCT_BUNDLE_IDENTIFIER = VK.MVD.KopiCupTests;
				PRODUCT_NAME = "$(TARGET_NAME)";
				SWIFT_EMIT_LOC_STRINGS = NO;
				SWIFT_VERSION = 5.0;
				TARGETED_DEVICE_FAMILY = "1,2";
				TEST_HOST = "$(BUILT_PRODUCTS_DIR)/KopiCup.app/$(BUNDLE_EXECUTABLE_FOLDER_PATH)/KopiCup";
			};
			name = Debug;
		};
		C68060BD2ECE6C0700154DC5 /* Release */ = {
			isa = XCBuildConfiguration;
			buildSettings = {
				BUNDLE_LOADER = "$(TEST_HOST)";
				CODE_SIGN_STYLE = Automatic;
				CURRENT_PROJECT_VERSION = 1;
				GENERATE_INFOPLIST_FILE = YES;
				IPHONEOS_DEPLOYMENT_TARGET = 16.2;
				MARKETING_VERSION = 1.0;
				PRODUCT_BUNDLE_IDENTIFIER = VK.MVD.KopiCupTests;
				PRODUCT_NAME = "$(TARGET_NAME)";
				SWIFT_EMIT_LOC_STRINGS = NO;
				SWIFT_VERSION = 5.0;
				TARGETED_DEVICE_FAMILY = "1,2";
				TEST_HOST = "$(BUILT_PRODUCTS_DIR)/KopiCup.app/$(BUNDLE_EXECUTABLE_FOLDER_PATH)/KopiCup";
			};
			name = Release;
		};
		C68060BF2ECE6C0700154DC5 /* Debug */ = {
			isa = XCBuildConfiguration;
			buildSettings = {
				CODE_SIGN_STYLE = Automatic;
				CURRENT_PROJECT_VERSION = 1;
				GENERATE_INFOPLIST_FILE = YES;
				MARKETING_VERSION = 1.0;
				PRODUCT_BUNDLE_IDENTIFIER = VK.MVD.KopiCupUITests;
				PRODUCT_NAME = "$(TARGET_NAME)";
				SWIFT_EMIT_LOC_STRINGS = NO;
				SWIFT_VERSION = 5.0;
				TARGETED_DEVICE_FAMILY = "1,2";
				TEST_TARGET_NAME = KopiCup;
			};
			name = Debug;
		};
		C68060C02ECE6C0700154DC5 /* Release */ = {
			isa = XCBuildConfiguration;
			buildSettings = {
				CODE_SIGN_STYLE = Automatic;
				CURRENT_PROJECT_VERSION = 1;
				GENERATE_INFOPLIST_FILE = YES;
				MARKETING_VERSION = 1.0;
				PRODUCT_BUNDLE_IDENTIFIER = VK.MVD.KopiCupUITests;
				PRODUCT_NAME = "$(TARGET_NAME)";
				SWIFT_EMIT_LOC_STRINGS = NO;
				SWIFT_VERSION = 5.0;
				TARGETED_DEVICE_FAMILY = "1,2";
				TEST_TARGET_NAME = KopiCup;
			};
			name = Release;
		};
/* End XCBuildConfiguration section */

/* Begin XCConfigurationList section */
		C680608F2ECE6C0500154DC5 /* Build configuration list for PBXProject "KopiCup" */ = {
			isa = XCConfigurationList;
			buildConfigurations = (
				C68060B62ECE6C0700154DC5 /* Debug */,
				C68060B72ECE6C0700154DC5 /* Release */,
			);
			defaultConfigurationIsVisible = 0;
			defaultConfigurationName = Release;
		};
		C68060B82ECE6C0700154DC5 /* Build configuration list for PBXNativeTarget "KopiCup" */ = {
			isa = XCConfigurationList;
			buildConfigurations = (
				C68060B92ECE6C0700154DC5 /* Debug */,
				C68060BA2ECE6C0700154DC5 /* Release */,
			);
			defaultConfigurationIsVisible = 0;
			defaultConfigurationName = Release;
		};
		C68060BB2ECE6C0700154DC5 /* Build configuration list for PBXNativeTarget "KopiCupTests" */ = {
			isa = XCConfigurationList;
			buildConfigurations = (
				C68060BC2ECE6C0700154DC5 /* Debug */,
				C68060BD2ECE6C0700154DC5 /* Release */,
			);
			defaultConfigurationIsVisible = 0;
			defaultConfigurationName = Release;
		};
		C68060BE2ECE6C0700154DC5 /* Build configuration list for PBXNativeTarget "KopiCupUITests" */ = {
			isa = XCConfigurationList;
			buildConfigurations = (
				C68060BF2ECE6C0700154DC5 /* Debug */,
				C68060C02ECE6C0700154DC5 /* Release */,
			);
			defaultConfigurationIsVisible = 0;
			defaultConfigurationName = Release;
		};
/* End XCConfigurationList section */

/* Begin XCRemoteSwiftPackageReference section */
		5EC333472F5AF90E00F1D39F /* XCRemoteSwiftPackageReference "Charts" */ = {
			isa = XCRemoteSwiftPackageReference;
			repositoryURL = "https://github.com/ChartsOrg/Charts";
			requirement = {
				kind = upToNextMajorVersion;
				minimumVersion = 5.1.0;
			};
		};
		C6A22CFB2EF1BAF100A2865B /* XCRemoteSwiftPackageReference "firebase-ios-sdk" */ = {
			isa = XCRemoteSwiftPackageReference;
			repositoryURL = "https://github.com/firebase/firebase-ios-sdk.git";
			requirement = {
				kind = upToNextMajorVersion;
				minimumVersion = 10.8.2;
			};
		};
/* End XCRemoteSwiftPackageReference section */

/* Begin XCSwiftPackageProductDependency section */
		5EC333482F5AF90E00F1D39F /* DGCharts */ = {
			isa = XCSwiftPackageProductDependency;
			package = 5EC333472F5AF90E00F1D39F /* XCRemoteSwiftPackageReference "Charts" */;
			productName = DGCharts;
		};
		BEE4CA7E2FB9D9A900D695CF /* FirebaseFirestoreSwift */ = {
			isa = XCSwiftPackageProductDependency;
			package = C6A22CFB2EF1BAF100A2865B /* XCRemoteSwiftPackageReference "firebase-ios-sdk" */;
			productName = FirebaseFirestoreSwift;
		};
		C6A22CFC2EF1BAF100A2865B /* FirebaseAnalytics */ = {
			isa = XCSwiftPackageProductDependency;
			package = C6A22CFB2EF1BAF100A2865B /* XCRemoteSwiftPackageReference "firebase-ios-sdk" */;
			productName = FirebaseAnalytics;
		};
		C6A22CFE2EF1BAF100A2865B /* FirebaseAuth */ = {
			isa = XCSwiftPackageProductDependency;
			package = C6A22CFB2EF1BAF100A2865B /* XCRemoteSwiftPackageReference "firebase-ios-sdk" */;
			productName = FirebaseAuth;
		};
		C6A22D002EF1BAF100A2865B /* FirebaseDatabase */ = {
			isa = XCSwiftPackageProductDependency;
			package = C6A22CFB2EF1BAF100A2865B /* XCRemoteSwiftPackageReference "firebase-ios-sdk" */;
			productName = FirebaseDatabase;
		};
		C6A22D022EF1BAF100A2865B /* FirebaseFirestore */ = {
			isa = XCSwiftPackageProductDependency;
			package = C6A22CFB2EF1BAF100A2865B /* XCRemoteSwiftPackageReference "firebase-ios-sdk" */;
			productName = FirebaseFirestore;
		};
/* End XCSwiftPackageProductDependency section */
	};
	rootObject = C680608C2ECE6C0500154DC5 /* Project object */;
}
